// !$*UTF8*$!
{
	archiveVersion = 1;
	classes = {
	};
	objectVersion = 46;
	objects = {

/* Begin PBXBuildFile section */
		38BB28001D2AEA1800604C8A /* AppDelegate.swift in Sources */ = {isa = PBXBuildFile; fileRef = 38BB27FF1D2AEA1800604C8A /* AppDelegate.swift */; };
		38BB28021D2AEA1800604C8A /* MasterViewController.swift in Sources */ = {isa = PBXBuildFile; fileRef = 38BB28011D2AEA1800604C8A /* MasterViewController.swift */; };
		38BB28041D2AEA1800604C8A /* DetailViewController.swift in Sources */ = {isa = PBXBuildFile; fileRef = 38BB28031D2AEA1800604C8A /* DetailViewController.swift */; };
		38BB28071D2AEA1800604C8A /* Main.storyboard in Resources */ = {isa = PBXBuildFile; fileRef = 38BB28051D2AEA1800604C8A /* Main.storyboard */; };
		38BB28091D2AEA1800604C8A /* Assets.xcassets in Resources */ = {isa = PBXBuildFile; fileRef = 38BB28081D2AEA1800604C8A /* Assets.xcassets */; };
		38BB280C1D2AEA1800604C8A /* LaunchScreen.storyboard in Resources */ = {isa = PBXBuildFile; fileRef = 38BB280A1D2AEA1800604C8A /* LaunchScreen.storyboard */; };
/* End PBXBuildFile section */

/* Begin PBXFileReference section */
		38BB27FC1D2AEA1800604C8A /* Photo App.app */ = {isa = PBXFileReference; explicitFileType = wrapper.application; includeInIndex = 0; path = "Photo App.app"; sourceTree = BUILT_PRODUCTS_DIR; };
		38BB27FF1D2AEA1800604C8A /* AppDelegate.swift */ = {isa = PBXFileReference; lastKnownFileType = sourcecode.swift; path = AppDelegate.swift; sourceTree = "<group>"; };
		38BB28011D2AEA1800604C8A /* MasterViewController.swift */ = {isa = PBXFileReference; lastKnownFileType = sourcecode.swift; path = MasterViewController.swift; sourceTree = "<group>"; };
		38BB28031D2AEA1800604C8A /* DetailViewController.swift */ = {isa = PBXFileReference; lastKnownFileType = sourcecode.swift; path = DetailViewController.swift; sourceTree = "<group>"; };
		38BB28061D2AEA1800604C8A /* Base */ = {isa = PBXFileReference; lastKnownFileType = file.storyboard; name = Base; path = Base.lproj/Main.storyboard; sourceTree = "<group>"; };
		38BB28081D2AEA1800604C8A /* Assets.xcassets */ = {isa = PBXFileReference; lastKnownFileType = folder.assetcatalog; path = Assets.xcassets; sourceTree = "<group>"; };
		38BB280B1D2AEA1800604C8A /* Base */ = {isa = PBXFileReference; lastKnownFileType = file.storyboard; name = Base; path = Base.lproj/LaunchScreen.storyboard; sourceTree = "<group>"; };
		38BB280D1D2AEA1800604C8A /* Info.plist */ = {isa = PBXFileReference; lastKnownFileType = text.plist.xml; path = Info.plist; sourceTree = "<group>"; };
/* End PBXFileReference section */

/* Begin PBXFrameworksBuildPhase section */
		38BB27F91D2AEA1800604C8A /* Frameworks */ = {
			isa = PBXFrameworksBuildPhase;
			buildActionMask = 2147483647;
			files = (
			);
			runOnlyForDeploymentPostprocessing = 0;
		};
/* End PBXFrameworksBuildPhase section */

/* Begin PBXGroup section */
		38BB27F31D2AEA1700604C8A = {
			isa = PBXGroup;
			children = (
				38BB27FE1D2AEA1800604C8A /* Photo App */,
				38BB27FD1D2AEA1800604C8A /* Products */,
			);
			sourceTree = "<group>";
		};
		38BB27FD1D2AEA1800604C8A /* Products */ = {
			isa = PBXGroup;
			children = (
				38BB27FC1D2AEA1800604C8A /* Photo App.app */,
			);
			name = Products;
			sourceTree = "<group>";
		};
		38BB27FE1D2AEA1800604C8A /* Photo App */ = {
			isa = PBXGroup;
			children = (
				38BB27FF1D2AEA1800604C8A /* AppDelegate.swift */,
				38BB28011D2AEA1800604C8A /* MasterViewController.swift */,
				38BB28031D2AEA1800604C8A /* DetailViewController.swift */,
				38BB28051D2AEA1800604C8A /* Main.storyboard */,
				38BB28081D2AEA1800604C8A /* Assets.xcassets */,
				38BB280A1D2AEA1800604C8A /* LaunchScreen.storyboard */,
				38BB280D1D2AEA1800604C8A /* Info.plist */,
			);
			path = "Photo App";
			sourceTree = "<group>";
		};
/* End PBXGroup section */

/* Begin PBXNativeTarget section */
		38BB27FB1D2AEA1800604C8A /* Photo App */ = {
			isa = PBXNativeTarget;
			buildConfigurationList = 38BB28101D2AEA1800604C8A /* Build configuration list for PBXNativeTarget "Photo App" */;
			buildPhases = (
				38BB27F81D2AEA1800604C8A /* Sources */,
				38BB27F91D2AEA1800604C8A /* Frameworks */,
				38BB27FA1D2AEA1800604C8A /* Resources */,
			);
			buildRules = (
			);
			dependencies = (
			);
			name = "Photo App";
			productName = "Photo App";
			productReference = 38BB27FC1D2AEA1800604C8A /* Photo App.app */;
			productType = "com.apple.product-type.application";
		};
/* End PBXNativeTarget section */

/* Begin PBXProject section */
		38BB27F41D2AEA1700604C8A /* Project object */ = {
			isa = PBXProject;
			attributes = {
				LastSwiftUpdateCheck = 0720;
				LastUpgradeCheck = 0720;
				ORGANIZATIONNAME = "Abdullah Syed";
				TargetAttributes = {
					38BB27FB1D2AEA1800604C8A = {
						CreatedOnToolsVersion = 7.2;
						DevelopmentTeam = QHJ3E8EFAV;
					};
				};
			};
			buildConfigurationList = 38BB27F71D2AEA1700604C8A /* Build configuration list for PBXProject "Photo App" */;
			compatibilityVersion = "Xcode 3.2";
			developmentRegion = English;
			hasScannedForEncodings = 0;
			knownRegions = (
				en,
				Base,
			);
			mainGroup = 38BB27F31D2AEA1700604C8A;
			productRefGroup = 38BB27FD1D2AEA1800604C8A /* Products */;
			projectDirPath = "";
			projectRoot = "";
			targets = (
				38BB27FB1D2AEA1800604C8A /* Photo App */,
			);
		};
/* End PBXProject section */

/* Begin PBXResourcesBuildPhase section */
		38BB27FA1D2AEA1800604C8A /* Resources */ = {
			isa = PBXResourcesBuildPhase;
			buildActionMask = 2147483647;
			files = (
				38BB280C1D2AEA1800604C8A /* LaunchScreen.storyboard in Resources */,
				38BB28091D2AEA1800604C8A /* Assets.xcassets in Resources */,
				38BB28071D2AEA1800604C8A /* Main.storyboard in Resources */,
			);
			runOnlyForDeploymentPostprocessing = 0;
		};
/* End PBXResourcesBuildPhase section */

/* Begin PBXSourcesBuildPhase section */
		38BB27F81D2AEA1800604C8A /* Sources */ = {
			isa = PBXSourcesBuildPhase;
			buildActionMask = 2147483647;
			files = (
				38BB28041D2AEA1800604C8A /* DetailViewController.swift in Sources */,
				38BB28021D2AEA1800604C8A /* MasterViewController.swift in Sources */,
				38BB28001D2AEA1800604C8A /* AppDelegate.swift in Sources */,
			);
			runOnlyForDeploymentPostprocessing = 0;
		};
/* End PBXSourcesBuildPhase section */

/* Begin PBXVariantGroup section */
		38BB28051D2AEA1800604C8A /* Main.storyboard */ = {
			isa = PBXVariantGroup;
			children = (
				38BB28061D2AEA1800604C8A /* Base */,
			);
			name = Main.storyboard;
			sourceTree = "<group>";
		};
		38BB280A1D2AEA1800604C8A /* LaunchScreen.storyboard */ = {
			isa = PBXVariantGroup;
			children = (
				38BB280B1D2AEA1800604C8A /* Base */,
			);
			name = LaunchScreen.storyboard;
			sourceTree = "<group>";
		};
/* End PBXVariantGroup section */

/* Begin XCBuildConfiguration section */
		38BB280E1D2AEA1800604C8A /* Debug */ = {
			isa = XCBuildConfiguration;
			buildSettings = {
				ALWAYS_SEARCH_USER_PATHS = NO;
				CLANG_CXX_LANGUAGE_STANDARD = "gnu++0x";
				CLANG_CXX_LIBRARY = "libc++";
				CLANG_ENABLE_MODULES = YES;
				CLANG_ENABLE_OBJC_ARC = YES;
				CLANG_WARN_BOOL_CONVERSION = YES;
				CLANG_WARN_CONSTANT_CONVERSION = YES;
				CLANG_WARN_DIRECT_OBJC_ISA_USAGE = YES_ERROR;
				CLANG_WARN_EMPTY_BODY = YES;
				CLANG_WARN_ENUM_CONVERSION = YES;
				CLANG_WARN_INT_CONVERSION = YES;
				CLANG_WARN_OBJC_ROOT_CLASS = YES_ERROR;
				CLANG_WARN_UNREACHABLE_CODE = YES;
				CLANG_WARN__DUPLICATE_METHOD_MATCH = YES;
				"CODE_SIGN_IDENTITY[sdk=iphoneos*]" = "iPhone Developer";
				COPY_PHASE_STRIP = NO;
				DEBUG_INFORMATION_FORMAT = dwarf;
				ENABLE_STRICT_OBJC_MSGSEND = YES;
				ENABLE_TESTABILITY = YES;
				GCC_C_LANGUAGE_STANDARD = gnu99;
				GCC_DYNAMIC_NO_PIC = NO;
				GCC_NO_COMMON_BLOCKS = YES;
				GCC_OPTIMIZATION_LEVEL = 0;
				GCC_PREPROCESSOR_DEFINITIONS = (
					"DEBUG=1",
					"$(inherited)",
				);
				GCC_WARN_64_TO_32_BIT_CONVERSION = YES;
				GCC_WARN_ABOUT_RETURN_TYPE = YES_ERROR;
				GCC_WARN_UNDECLARED_SELECTOR = YES;
				GCC_WARN_UNINITIALIZED_AUTOS = YES_AGGRESSIVE;
				GCC_WARN_UNUSED_FUNCTION = YES;
				GCC_WARN_UNUSED_VARIABLE = YES;
				IPHONEOS_DEPLOYMENT_TARGET = 9.2;
				MTL_ENABLE_DEBUG_INFO = YES;
				ONLY_ACTIVE_ARCH = YES;
				SDKROOT = iphoneos;
				SWIFT_OPTIMIZATION_LEVEL = "-Onone";
			};
			name = Debug;
		};
		38BB280F1D2AEA1800604C8A /* Release */ = {
			isa = XCBuildConfiguration;
			buildSettings = {
				ALWAYS_SEARCH_USER_PATHS = NO;
				CLANG_CXX_LANGUAGE_STANDARD = "gnu++0x";
				CLANG_CXX_LIBRARY = "libc++";
				CLANG_ENABLE_MODULES = YES;
				CLANG_ENABLE_OBJC_ARC = YES;
				CLANG_WARN_BOOL_CONVERSION = YES;
				CLANG_WARN_CONSTANT_CONVERSION = YES;
				CLANG_WARN_DIRECT_OBJC_ISA_USAGE = YES_ERROR;
				CLANG_WARN_EMPTY_BODY = YES;
				CLANG_WARN_ENUM_CONVERSION = YES;
				CLANG_WARN_INT_CONVERSION = YES;
				CLANG_WARN_OBJC_ROOT_CLASS = YES_ERROR;
				CLANG_WARN_UNREACHABLE_CODE = YES;
				CLANG_WARN__DUPLICATE_METHOD_MATCH = YES;
				"CODE_SIGN_IDENTITY[sdk=iphoneos*]" = "iPhone Developer";
				COPY_PHASE_STRIP = NO;
				DEBUG_INFORMATION_FORMAT = "dwarf-with-dsym";
				ENABLE_NS_ASSERTIONS = NO;
				ENABLE_STRICT_OBJC_MSGSEND = YES;
				GCC_C_LANGUAGE_STANDARD = gnu99;
				GCC_NO_COMMON_BLOCKS = YES;
				GCC_WARN_64_TO_32_BIT_CONVERSION = YES;
				GCC_WARN_ABOUT_RETURN_TYPE = YES_ERROR;
				GCC_WARN_UNDECLARED_SELECTOR = YES;
				GCC_WARN_UNINITIALIZED_AUTOS = YES_AGGRESSIVE;
				GCC_WARN_UNUSED_FUNCTION = YES;
				GCC_WARN_UNUSED_VARIABLE = YES;
				IPHONEOS_DEPLOYMENT_TARGET = 9.2;
				MTL_ENABLE_DEBUG_INFO = NO;
				SDKROOT = iphoneos;
				VALIDATE_PRODUCT = YES;
			};
			name = Release;
		};
		38BB28111D2AEA1800604C8A /* Debug */ = {
			isa = XCBuildConfiguration;
			buildSettings = {
				ASSETCATALOG_COMPILER_APPICON_NAME = AppIcon;
				INFOPLIST_FILE = "Photo App/Info.plist";
				LD_RUNPATH_SEARCH_PATHS = "$(inherited) @executable_path/Frameworks";
				PRODUCT_BUNDLE_IDENTIFIER = "self.io.Photo-App";
				PRODUCT_NAME = "$(TARGET_NAME)";
			};
			name = Debug;
		};
		38BB28121D2AEA1800604C8A /* Release */ = {
			isa = XCBuildConfiguration;
			buildSettings = {
				ASSETCATALOG_COMPILER_APPICON_NAME = AppIcon;
				INFOPLIST_FILE = "Photo App/Info.plist";
				LD_RUNPATH_SEARCH_PATHS = "$(inherited) @executable_path/Frameworks";
				PRODUCT_BUNDLE_IDENTIFIER = "self.io.Photo-App";
				PRODUCT_NAME = "$(TARGET_NAME)";
			};
			name = Release;
		};
/* End XCBuildConfiguration section */

/* Begin XCConfigurationList section */
		38BB27F71D2AEA1700604C8A /* Build configuration list for PBXProject "Photo App" */ = {
			isa = XCConfigurationList;
			buildConfigurations = (
				38BB280E1D2AEA1800604C8A /* Debug */,
				38BB280F1D2AEA1800604C8A /* Release */,
			);
			defaultConfigurationIsVisible = 0;
			defaultConfigurationName = Release;
		};
		38BB28101D2AEA1800604C8A /* Build configuration list for PBXNativeTarget "Photo App" */ = {
			isa = XCConfigurationList;
			buildConfigurations = (
				38BB28111D2AEA1800604C8A /* Debug */,
				38BB28121D2AEA1800604C8A /* Release */,
			);
			defaultConfigurationIsVisible = 0;
		};
/* End XCConfigurationList section */
	};
	rootObject = 38BB27F41D2AEA1700604C8A /* Project object */;
}
